
Microsoft Visual Studio Solution File, Format Version 12.00
# Visual Studio Version 17
VisualStudioVersion = 17.7.34031.279
MinimumVisualStudioVersion = 10.0.40219.1
Project("{FAE04EC0-301F-11D3-BF4B-00C04F79EFBC}") = "enkeltnettbutikk_backend", "enkeltnettbutikk_backend\enkeltnettbutikk_backend.csproj", "{093CFC47-649C-42CD-9095-AA6E97F95E23}"
EndProject
Global
	GlobalSection(SolutionConfigurationPlatforms) = preSolution
		Debug|Any CPU = Debug|Any CPU
		Release|Any CPU = Release|Any CPU
	EndGlobalSection
	GlobalSection(ProjectConfigurationPlatforms) = postSolution
		{093CFC47-649C-42CD-9095-AA6E97F95E23}.Debug|Any CPU.ActiveCfg = Debug|Any CPU
		{093CFC47-649C-42CD-9095-AA6E97F95E23}.Debug|Any CPU.Build.0 = Debug|Any CPU
		{093CFC47-649C-42CD-9095-AA6E97F95E23}.Release|Any CPU.ActiveCfg = Release|Any CPU
		{093CFC47-649C-42CD-9095-AA6E97F95E23}.Release|Any CPU.Build.0 = Release|Any CPU
	EndGlobalSection
	GlobalSection(SolutionProperties) = preSolution
		HideSolutionNode = FALSE
	EndGlobalSection
	GlobalSection(ExtensibilityGlobals) = postSolution
		SolutionGuid = {82CEC7D2-1D91-4D3E-A796-88701FF35EE6}
	EndGlobalSection
EndGlobal
